
Microsoft Visual Studio Solution File, Format Version 12.00
# Visual Studio Version 17
VisualStudioVersion = 17.5.002.0
MinimumVisualStudioVersion = 10.0.40219.1
Project("{9A19103F-16F7-4668-BE54-9A1E7A4F7556}") = "loops_polymorphisms_exceptions", "loops_polymorphisms_exceptions.csproj", "{FBE9E14A-13C4-4A7B-B526-F4497E57E112}"
EndProject
Global
	GlobalSection(SolutionConfigurationPlatforms) = preSolution
		Debug|Any CPU = Debug|Any CPU
		Release|Any CPU = Release|Any CPU
	EndGlobalSection
	GlobalSection(ProjectConfigurationPlatforms) = postSolution
		{FBE9E14A-13C4-4A7B-B526-F4497E57E112}.Debug|Any CPU.ActiveCfg = Debug|Any CPU
		{FBE9E14A-13C4-4A7B-B526-F4497E57E112}.Debug|Any CPU.Build.0 = Debug|Any CPU
		{FBE9E14A-13C4-4A7B-B526-F4497E57E112}.Release|Any CPU.ActiveCfg = Release|Any CPU
		{FBE9E14A-13C4-4A7B-B526-F4497E57E112}.Release|Any CPU.Build.0 = Release|Any CPU
	EndGlobalSection
	GlobalSection(SolutionProperties) = preSolution
		HideSolutionNode = FALSE
	EndGlobalSection
	GlobalSection(ExtensibilityGlobals) = postSolution
		SolutionGuid = {565F7E25-EC6A-4B16-9213-A05FCC00D6DB}
	EndGlobalSection
EndGlobal
